
Microsoft Visual Studio Solution File, Format Version 12.00
# Visual Studio Version 17
VisualStudioVersion = 17.14.36518.9 d17.14
MinimumVisualStudioVersion = 10.0.40219.1
Project("{FAE04EC0-301F-11D3-BF4B-00C04F79EFBC}") = "Ja", "Ja\Ja.csproj", "{567E10C0-A7B8-427C-9C7E-C87099278271}"
EndProject
Global
	GlobalSection(SolutionConfigurationPlatforms) = preSolution
		Debug|Any CPU = Debug|Any CPU
		Release|Any CPU = Release|Any CPU
	EndGlobalSection
	GlobalSection(ProjectConfigurationPlatforms) = postSolution
		{567E10C0-A7B8-427C-9C7E-C87099278271}.Debug|Any CPU.ActiveCfg = Debug|Any CPU
		{567E10C0-A7B8-427C-9C7E-C87099278271}.Debug|Any CPU.Build.0 = Debug|Any CPU
		{567E10C0-A7B8-427C-9C7E-C87099278271}.Release|Any CPU.ActiveCfg = Release|Any CPU
		{567E10C0-A7B8-427C-9C7E-C87099278271}.Release|Any CPU.Build.0 = Release|Any CPU
	EndGlobalSection
	GlobalSection(SolutionProperties) = preSolution
		HideSolutionNode = FALSE
	EndGlobalSection
	GlobalSection(ExtensibilityGlobals) = postSolution
		SolutionGuid = {C504598B-20FA-46D3-9234-16F741464B58}
	EndGlobalSection
EndGlobal
